// !$*UTF8*$!
{
	"archiveVersion" = 1;
	"classes" = {

	};
	"objectVersion" = 56;
	"objects" = {
		"A00000000000000000000001" = { "isa" = "PBXFileReference"; "lastKnownFileType" = "sourcecode.swift"; "path" = "USBClient.swift"; "sourceTree" = "<group>"; };
		"A00000000000000000000002" = { "isa" = "PBXBuildFile"; "fileRef" = "A00000000000000000000001"; };
		"000000000000000000000004" = {
			"isa" = "PBXFileReference";
			"lastKnownFileType" = "sourcecode.swift";
			"path" = "PocketLinkApp.swift";
			"sourceTree" = "<group>";
		};
		"000000000000000000000005" = {
			"isa" = "PBXFileReference";
			"lastKnownFileType" = "sourcecode.swift";
			"path" = "ContentView.swift";
			"sourceTree" = "<group>";
		};
		"000000000000000000000006" = {
			"isa" = "PBXFileReference";
			"lastKnownFileType" = "sourcecode.swift";
			"path" = "AppModel.swift";
			"sourceTree" = "<group>";
		};
		"000000000000000000000007" = {
			"isa" = "PBXFileReference";
			"lastKnownFileType" = "sourcecode.swift";
			"path" = "PairingEndpoint.swift";
			"sourceTree" = "<group>";
		};
		"000000000000000000000008" = {
			"isa" = "PBXFileReference";
			"lastKnownFileType" = "sourcecode.swift";
			"path" = "RTCClient.swift";
			"sourceTree" = "<group>";
		};
		"000000000000000000000009" = {
			"isa" = "PBXFileReference";
			"lastKnownFileType" = "sourcecode.swift";
			"path" = "QRScanner.swift";
			"sourceTree" = "<group>";
		};
		"00000000000000000000000A" = {
			"isa" = "PBXFileReference";
			"lastKnownFileType" = "text.plist.xml";
			"path" = "Info.plist";
			"sourceTree" = "<group>";
		};
		"00000000000000000000000B" = {
			"isa" = "PBXFileReference";
			"lastKnownFileType" = "folder.assetcatalog";
			"path" = "Assets.xcassets";
			"sourceTree" = "<group>";
		};
		"00000000000000000000000C" = {
			"isa" = "PBXFileReference";
			"lastKnownFileType" = "sourcecode.swift";
			"path" = "PairingEndpointTests.swift";
			"sourceTree" = "<group>";
		};
		"00000000000000000000000D" = {
			"isa" = "PBXFileReference";
			"explicitFileType" = "wrapper.application";
			"includeInIndex" = 0;
			"path" = "PocketLink.app";
			"sourceTree" = "BUILT_PRODUCTS_DIR";
		};
		"00000000000000000000000E" = {
			"isa" = "PBXFileReference";
			"explicitFileType" = "wrapper.cfbundle";
			"includeInIndex" = 0;
			"path" = "PocketLinkTests.xctest";
			"sourceTree" = "BUILT_PRODUCTS_DIR";
		};
		"00000000000000000000000F" = {
			"isa" = "PBXGroup";
			"children" = (
				"000000000000000000000004",
				"000000000000000000000005",
				"000000000000000000000006",
				"000000000000000000000007",
				"000000000000000000000008",
				"A00000000000000000000001",
				"000000000000000000000009",
				"00000000000000000000000A",
				"00000000000000000000000B",
			);
			"path" = "PocketLink";
			"sourceTree" = "<group>";
		};
		"000000000000000000000010" = {
			"isa" = "PBXGroup";
			"children" = (
				"00000000000000000000000C",
			);
			"path" = "PocketLinkTests";
			"sourceTree" = "<group>";
		};
		"000000000000000000000011" = {
			"isa" = "PBXGroup";
			"children" = (
				"00000000000000000000000D",
				"00000000000000000000000E",
			);
			"name" = "Products";
			"sourceTree" = "<group>";
		};
		"000000000000000000000012" = {
			"isa" = "PBXGroup";
			"children" = (
				"00000000000000000000000F",
				"000000000000000000000010",
				"000000000000000000000011",
			);
			"sourceTree" = "<group>";
		};
		"000000000000000000000013" = {
			"isa" = "XCRemoteSwiftPackageReference";
			"repositoryURL" = "https://github.com/stasel/WebRTC.git";
			"requirement" = {
				"kind" = "exactVersion";
				"version" = "140.0.0";
			};
		};
		"000000000000000000000014" = {
			"isa" = "XCSwiftPackageProductDependency";
			"package" = "000000000000000000000013";
			"productName" = "WebRTC";
		};
		"000000000000000000000015" = {
			"isa" = "PBXBuildFile";
			"fileRef" = "000000000000000000000004";
		};
		"000000000000000000000016" = {
			"isa" = "PBXBuildFile";
			"fileRef" = "000000000000000000000005";
		};
		"000000000000000000000017" = {
			"isa" = "PBXBuildFile";
			"fileRef" = "000000000000000000000006";
		};
		"000000000000000000000018" = {
			"isa" = "PBXBuildFile";
			"fileRef" = "000000000000000000000007";
		};
		"000000000000000000000019" = {
			"isa" = "PBXBuildFile";
			"fileRef" = "000000000000000000000008";
		};
		"00000000000000000000001A" = {
			"isa" = "PBXBuildFile";
			"fileRef" = "000000000000000000000009";
		};
		"00000000000000000000001B" = {
			"isa" = "PBXSourcesBuildPhase";
			"buildActionMask" = 2147483647;
			"files" = (
				"000000000000000000000015",
				"000000000000000000000016",
				"000000000000000000000017",
				"000000000000000000000018",
				"000000000000000000000019",
				"A00000000000000000000002",
				"00000000000000000000001A",
			);
			"runOnlyForDeploymentPostprocessing" = 0;
		};
		"00000000000000000000001C" = {
			"isa" = "PBXBuildFile";
			"productRef" = "000000000000000000000014";
		};
		"00000000000000000000001D" = {
			"isa" = "PBXFrameworksBuildPhase";
			"buildActionMask" = 2147483647;
			"files" = (
				"00000000000000000000001C",
			);
			"runOnlyForDeploymentPostprocessing" = 0;
		};
		"00000000000000000000001E" = {
			"isa" = "PBXBuildFile";
			"fileRef" = "00000000000000000000000B";
		};
		"00000000000000000000001F" = {
			"isa" = "PBXResourcesBuildPhase";
			"buildActionMask" = 2147483647;
			"files" = (
				"00000000000000000000001E",
			);
			"runOnlyForDeploymentPostprocessing" = 0;
		};
		"000000000000000000000020" = {
			"isa" = "PBXBuildFile";
			"fileRef" = "00000000000000000000000C";
		};
		"000000000000000000000021" = {
			"isa" = "PBXSourcesBuildPhase";
			"buildActionMask" = 2147483647;
			"files" = (
				"000000000000000000000020",
			);
			"runOnlyForDeploymentPostprocessing" = 0;
		};
		"000000000000000000000022" = {
			"isa" = "PBXFrameworksBuildPhase";
			"buildActionMask" = 2147483647;
			"files" = (

			);
			"runOnlyForDeploymentPostprocessing" = 0;
		};
		"000000000000000000000023" = {
			"isa" = "PBXResourcesBuildPhase";
			"buildActionMask" = 2147483647;
			"files" = (

			);
			"runOnlyForDeploymentPostprocessing" = 0;
		};
		"000000000000000000000024" = {
			"isa" = "XCBuildConfiguration";
			"buildSettings" = {
				"CLANG_ENABLE_MODULES" = "YES";
				"CLANG_ENABLE_OBJC_ARC" = "YES";
				"CLANG_CXX_LANGUAGE_STANDARD" = "gnu++17";
				"IPHONEOS_DEPLOYMENT_TARGET" = "16.0";
				"SDKROOT" = "iphoneos";
				"SWIFT_VERSION" = "5.0";
				"ENABLE_USER_SCRIPT_SANDBOXING" = "YES";
				"DEBUG_INFORMATION_FORMAT" = "dwarf";
				"ENABLE_TESTABILITY" = "YES";
				"GCC_OPTIMIZATION_LEVEL" = "0";
				"SWIFT_OPTIMIZATION_LEVEL" = "-Onone";
				"SWIFT_ACTIVE_COMPILATION_CONDITIONS" = "DEBUG";
				"ONLY_ACTIVE_ARCH" = "YES";
			};
			"name" = "Debug";
		};
		"000000000000000000000025" = {
			"isa" = "XCBuildConfiguration";
			"buildSettings" = {
				"CLANG_ENABLE_MODULES" = "YES";
				"CLANG_ENABLE_OBJC_ARC" = "YES";
				"CLANG_CXX_LANGUAGE_STANDARD" = "gnu++17";
				"IPHONEOS_DEPLOYMENT_TARGET" = "16.0";
				"SDKROOT" = "iphoneos";
				"SWIFT_VERSION" = "5.0";
				"ENABLE_USER_SCRIPT_SANDBOXING" = "YES";
				"DEBUG_INFORMATION_FORMAT" = "dwarf-with-dsym";
				"SWIFT_COMPILATION_MODE" = "wholemodule";
				"SWIFT_OPTIMIZATION_LEVEL" = "-O";
				"VALIDATE_PRODUCT" = "YES";
			};
			"name" = "Release";
		};
		"000000000000000000000026" = {
			"isa" = "XCConfigurationList";
			"buildConfigurations" = (
				"000000000000000000000024",
				"000000000000000000000025",
			);
			"defaultConfigurationIsVisible" = 0;
			"defaultConfigurationName" = "Release";
		};
		"000000000000000000000027" = {
			"isa" = "XCBuildConfiguration";
			"buildSettings" = {
				"CODE_SIGN_STYLE" = "Automatic";
				"CURRENT_PROJECT_VERSION" = "5";
				"MARKETING_VERSION" = "0.4.0";
				"TARGETED_DEVICE_FAMILY" = "1";
				"SUPPORTED_PLATFORMS" = "iphoneos iphonesimulator";
				"SUPPORTS_MACCATALYST" = "NO";
				"SWIFT_EMIT_LOC_STRINGS" = "YES";
				"LD_RUNPATH_SEARCH_PATHS" = (
					"$(inherited)",
					"@executable_path/Frameworks",
				);
				"GENERATE_INFOPLIST_FILE" = "NO";
				"INFOPLIST_FILE" = "PocketLink/Info.plist";
				"PRODUCT_BUNDLE_IDENTIFIER" = "com.pocketlink.ios";
				"PRODUCT_NAME" = "$(TARGET_NAME)";
				"ASSETCATALOG_COMPILER_APPICON_NAME" = "AppIcon";
			};
			"name" = "Debug";
		};
		"000000000000000000000028" = {
			"isa" = "XCBuildConfiguration";
			"buildSettings" = {
				"CODE_SIGN_STYLE" = "Automatic";
				"CURRENT_PROJECT_VERSION" = "5";
				"MARKETING_VERSION" = "0.4.0";
				"TARGETED_DEVICE_FAMILY" = "1";
				"SUPPORTED_PLATFORMS" = "iphoneos iphonesimulator";
				"SUPPORTS_MACCATALYST" = "NO";
				"SWIFT_EMIT_LOC_STRINGS" = "YES";
				"LD_RUNPATH_SEARCH_PATHS" = (
					"$(inherited)",
					"@executable_path/Frameworks",
				);
				"GENERATE_INFOPLIST_FILE" = "NO";
				"INFOPLIST_FILE" = "PocketLink/Info.plist";
				"PRODUCT_BUNDLE_IDENTIFIER" = "com.pocketlink.ios";
				"PRODUCT_NAME" = "$(TARGET_NAME)";
				"ASSETCATALOG_COMPILER_APPICON_NAME" = "AppIcon";
			};
			"name" = "Release";
		};
		"000000000000000000000029" = {
			"isa" = "XCConfigurationList";
			"buildConfigurations" = (
				"000000000000000000000027",
				"000000000000000000000028",
			);
			"defaultConfigurationIsVisible" = 0;
			"defaultConfigurationName" = "Release";
		};
		"00000000000000000000002A" = {
			"isa" = "XCBuildConfiguration";
			"buildSettings" = {
				"CODE_SIGN_STYLE" = "Automatic";
				"CURRENT_PROJECT_VERSION" = "5";
				"MARKETING_VERSION" = "0.4.0";
				"TARGETED_DEVICE_FAMILY" = "1";
				"SUPPORTED_PLATFORMS" = "iphoneos iphonesimulator";
				"SUPPORTS_MACCATALYST" = "NO";
				"SWIFT_EMIT_LOC_STRINGS" = "YES";
				"LD_RUNPATH_SEARCH_PATHS" = (
					"$(inherited)",
					"@executable_path/Frameworks",
				);
				"GENERATE_INFOPLIST_FILE" = "YES";
				"PRODUCT_BUNDLE_IDENTIFIER" = "com.pocketlink.ios.tests";
				"PRODUCT_NAME" = "$(TARGET_NAME)";
				"TEST_HOST" = "$(BUILT_PRODUCTS_DIR)/PocketLink.app/PocketLink";
				"BUNDLE_LOADER" = "$(TEST_HOST)";
			};
			"name" = "Debug";
		};
		"00000000000000000000002B" = {
			"isa" = "XCBuildConfiguration";
			"buildSettings" = {
				"CODE_SIGN_STYLE" = "Automatic";
				"CURRENT_PROJECT_VERSION" = "5";
				"MARKETING_VERSION" = "0.4.0";
				"TARGETED_DEVICE_FAMILY" = "1";
				"SUPPORTED_PLATFORMS" = "iphoneos iphonesimulator";
				"SUPPORTS_MACCATALYST" = "NO";
				"SWIFT_EMIT_LOC_STRINGS" = "YES";
				"LD_RUNPATH_SEARCH_PATHS" = (
					"$(inherited)",
					"@executable_path/Frameworks",
				);
				"GENERATE_INFOPLIST_FILE" = "YES";
				"PRODUCT_BUNDLE_IDENTIFIER" = "com.pocketlink.ios.tests";
				"PRODUCT_NAME" = "$(TARGET_NAME)";
				"TEST_HOST" = "$(BUILT_PRODUCTS_DIR)/PocketLink.app/PocketLink";
				"BUNDLE_LOADER" = "$(TEST_HOST)";
			};
			"name" = "Release";
		};
		"00000000000000000000002C" = {
			"isa" = "XCConfigurationList";
			"buildConfigurations" = (
				"00000000000000000000002A",
				"00000000000000000000002B",
			);
			"defaultConfigurationIsVisible" = 0;
			"defaultConfigurationName" = "Release";
		};
		"00000000000000000000002D" = {
			"isa" = "PBXContainerItemProxy";
			"containerPortal" = "000000000000000000000001";
			"proxyType" = 1;
			"remoteGlobalIDString" = "000000000000000000000002";
			"remoteInfo" = "PocketLink";
		};
		"00000000000000000000002E" = {
			"isa" = "PBXTargetDependency";
			"target" = "000000000000000000000002";
			"targetProxy" = "00000000000000000000002D";
		};
		"000000000000000000000002" = {
			"isa" = "PBXNativeTarget";
			"buildConfigurationList" = "000000000000000000000029";
			"buildPhases" = (
				"00000000000000000000001B",
				"00000000000000000000001D",
				"00000000000000000000001F",
			);
			"buildRules" = (

			);
			"dependencies" = (

			);
			"name" = "PocketLink";
			"packageProductDependencies" = (
				"000000000000000000000014",
			);
			"productName" = "PocketLink";
			"productReference" = "00000000000000000000000D";
			"productType" = "com.apple.product-type.application";
		};
		"000000000000000000000003" = {
			"isa" = "PBXNativeTarget";
			"buildConfigurationList" = "00000000000000000000002C";
			"buildPhases" = (
				"000000000000000000000021",
				"000000000000000000000022",
				"000000000000000000000023",
			);
			"buildRules" = (

			);
			"dependencies" = (
				"00000000000000000000002E",
			);
			"name" = "PocketLinkTests";
			"productName" = "PocketLinkTests";
			"productReference" = "00000000000000000000000E";
			"productType" = "com.apple.product-type.bundle.unit-test";
		};
		"000000000000000000000001" = {
			"isa" = "PBXProject";
			"attributes" = {
				"BuildIndependentTargetsInParallel" = "YES";
				"LastUpgradeCheck" = "1600";
				"TargetAttributes" = {
					"000000000000000000000002" = {
						"CreatedOnToolsVersion" = "16.0";
					};
					"000000000000000000000003" = {
						"CreatedOnToolsVersion" = "16.0";
						"TestTargetID" = "000000000000000000000002";
					};
				};
			};
			"buildConfigurationList" = "000000000000000000000026";
			"compatibilityVersion" = "Xcode 14.0";
			"developmentRegion" = "en";
			"hasScannedForEncodings" = 0;
			"knownRegions" = (
				"en",
				"Base",
				"zh-Hans",
			);
			"mainGroup" = "000000000000000000000012";
			"packageReferences" = (
				"000000000000000000000013",
			);
			"productRefGroup" = "000000000000000000000011";
			"projectDirPath" = "";
			"projectRoot" = "";
			"targets" = (
				"000000000000000000000002",
				"000000000000000000000003",
			);
		};
	};
	"rootObject" = "000000000000000000000001";
}
